
Microsoft Visual Studio Solution File, Format Version 12.00
# Visual Studio Version 17
VisualStudioVersion = 17.6.33723.286
MinimumVisualStudioVersion = 10.0.40219.1
Project("{FAE04EC0-301F-11D3-BF4B-00C04F79EFBC}") = "Ilyas Uz", "Ilyas Uz\Ilyas Uz.csproj", "{EAB6943E-9DFC-42AC-B186-91791CBF5E36}"
EndProject
Global
	GlobalSection(SolutionConfigurationPlatforms) = preSolution
		Debug|Any CPU = Debug|Any CPU
		Release|Any CPU = Release|Any CPU
	EndGlobalSection
	GlobalSection(ProjectConfigurationPlatforms) = postSolution
		{EAB6943E-9DFC-42AC-B186-91791CBF5E36}.Debug|Any CPU.ActiveCfg = Debug|Any CPU
		{EAB6943E-9DFC-42AC-B186-91791CBF5E36}.Debug|Any CPU.Build.0 = Debug|Any CPU
		{EAB6943E-9DFC-42AC-B186-91791CBF5E36}.Release|Any CPU.ActiveCfg = Release|Any CPU
		{EAB6943E-9DFC-42AC-B186-91791CBF5E36}.Release|Any CPU.Build.0 = Release|Any CPU
	EndGlobalSection
	GlobalSection(SolutionProperties) = preSolution
		HideSolutionNode = FALSE
	EndGlobalSection
	GlobalSection(ExtensibilityGlobals) = postSolution
		SolutionGuid = {EE6706DA-2A97-42C2-A53E-37F61498A007}
	EndGlobalSection
EndGlobal
